{
    "_meta": {
        "hash": {
            "sha256": "ce864f1f9471811f27a2fdb31911ff4c7b1fe36e7f0dbacda7e24a401ee22bfd"
        },
        "pipfile-spec": 6,
        "requires": {
            "python_version": "3.7"
        },
        "sources": [
            {
                "name": "pypi",
                "url": "https://pypi.org/simple",
                "verify_ssl": true
            }
        ]
    },
    "default": {
        "numpy": {
            "hashes": [
                "sha256:0172304e7d8d40e9e49553901903dc5f5a49a703363ed756796f5808a06fc233",
                "sha256:34e96e9dae65c4839bd80012023aadd6ee2ccb73ce7fdf3074c62f301e63120b",
                "sha256:3676abe3d621fc467c4c1469ee11e395c82b2d6b5463a9454e37fe9da07cd0d7",
                "sha256:3dd6823d3e04b5f223e3e265b4a1eae15f104f4366edd409e5a5e413a98f911f",
                "sha256:4064f53d4cce69e9ac613256dc2162e56f20a4e2d2086b1956dd2fcf77b7fac5",
                "sha256:4674f7d27a6c1c52a4d1aa5f0881f1eff840d2206989bae6acb1c7668c02ebfb",
                "sha256:7d42ab8cedd175b5ebcb39b5208b25ba104842489ed59fbb29356f671ac93583",
                "sha256:965df25449305092b23d5145b9bdaeb0149b6e41a77a7d728b1644b3c99277c1",
                "sha256:9c9d6531bc1886454f44aa8f809268bc481295cf9740827254f53c30104f074a",
                "sha256:a78e438db8ec26d5d9d0e584b27ef25c7afa5a182d1bf4d05e313d2d6d515271",
                "sha256:a7acefddf994af1aeba05bbbafe4ba983a187079f125146dc5859e6d817df824",
                "sha256:a87f59508c2b7ceb8631c20630118cc546f1f815e034193dc72390db038a5cb3",
                "sha256:ac792b385d81151bae2a5a8adb2b88261ceb4976dbfaaad9ce3a200e036753dc",
                "sha256:b03b2c0badeb606d1232e5f78852c102c0a7989d3a534b3129e7856a52f3d161",
                "sha256:b39321f1a74d1f9183bf1638a745b4fd6fe80efbb1f6b32b932a588b4bc7695f",
                "sha256:cae14a01a159b1ed91a324722d746523ec757357260c6804d11d6147a9e53e3f",
                "sha256:cd49930af1d1e49a812d987c2620ee63965b619257bd76eaaa95870ca08837cf",
                "sha256:e15b382603c58f24265c9c931c9a45eebf44fe2e6b4eaedbb0d025ab3255228b",
                "sha256:e91d31b34fc7c2c8f756b4e902f901f856ae53a93399368d9a0dc7be17ed2ca0",
                "sha256:ef627986941b5edd1ed74ba89ca43196ed197f1a206a3f18cc9faf2fb84fd675",
                "sha256:f718a7949d1c4f622ff548c572e0c03440b49b9531ff00e4ed5738b459f011e8"
            ],
            "version": "==1.18.5"
        },
        "opencv-contrib-python": {
            "hashes": [
                "sha256:0475049095da1693ce2bfade4d26482b51f23c822facfe8718cd5490d56a6094",
                "sha256:18ca5c322992c07a8d71f1907286bf89cd776fe3ec91b94ffd7e27b91c899ce7",
                "sha256:1bdf4feac3bbffd528fea514a2a26885381d7eee5974d45845cb7ea6e9cc31fa",
                "sha256:1c7baaa7c22550111773f1c31761913d3f08b80bdea7c2022ae52d4de35ea193",
                "sha256:2930518f5a397ef24d07d0d02a131e66e8d1d7cc81ff840c09c466d7410f4cb0",
                "sha256:2b62c6661b67eb50b6bc4138b6f694d17a92a3395059d066e35ff65ffbf41e2e",
                "sha256:36b06bd9329d4fdc0d7bbb22f5ffa7d02e57137ecd5b0922ad1a5085390a392f",
                "sha256:36c65d9d6b1b54d111e8c1886fdb37d03e8aec5abd3e1e3d19a43749a11cd71d",
                "sha256:43c3e2d78b87f2c5fb9b86848b918fb60956d87e11465813ea4eae9ef4bd94e7",
                "sha256:4e55f625a3246767e7bcb10f8d0197834d6e47c938e02285abfac31df8ff7855",
                "sha256:566148d217c9c5b117e190d818510cd54398a7e47c87b16ce46dcf966b785cda",
                "sha256:57331a3ba5d4e1f4c2d2648e34fb37d6db1ff40b18b2334c652f55d5aa47b147",
                "sha256:585c1aeed4c1f62e25df64f266cfc9abd508350533424aa0d4893a7218db387f",
                "sha256:5af918643c5b229ddefc1efbd2cc5c476ac3fd1c7e7435d5e27a1228aee62a03",
                "sha256:5b5aa92d0d91c61901efbd4e630685be25fe2792cfff725a9f752fd4a16ad1b2",
                "sha256:5d73321808b7d5df5ac336f8593359f3a9cf7c804db7a503801374975d1c4d3e",
                "sha256:84a5289277ca4234b7cf2da95ba48f73fe090e4929faf5c96de55e51f0968bf1",
                "sha256:8538be27d894b0b3fe645f9690110d3f031f5d581a4a0670bf2fd15139328946",
                "sha256:91ebfea477d88da016940ce61df2b2eaa5fe9fdfd46fb44a9c0a534f76058040",
                "sha256:93ca55ae5b2aedab19b75a512ea1ffc3bbfb0a89bb522d27bbca657b15091231",
                "sha256:a7aaacc3edc99737eb749b2842bc88924b4864d2ef091171dcd36abadd5176d3",
                "sha256:a89c6b6e90abb4158baf1a61afd83a205b4a7dabbac1b40149812eb4899fff06",
                "sha256:dc18e6a3c06b5934c037edaed9f284aee84c398712bfb5290f6a00195e53b1cd",
                "sha256:df8391c4efe0b7efcfc874196317ad9ab127923be1efc0f5b447e95b90435f30",
                "sha256:e7e6d423846e4e7710d31864c010c32dfc331729e7d1a87d3a2c88788e5f5ebb",
                "sha256:ec44976a2fb344d4c803fcc0d9873f39525269ecac3253b07811bdea41750b98",
                "sha256:f5bec4ab094958488d25d7ebbb805b8ee49cd58a6ed0983d13fffa0dcb5276f6"
            ],
            "index": "pypi",
            "version": "==4.1.0.25"
        }
    },
    "develop": {
        "adafruit-blinka": {
            "hashes": [
                "sha256:c8f2851bca02af2595f78ecb59322f61c2d094bc5377fd15d98904965f51c3ec"
            ],
            "version": "==5.0.1"
        },
        "adafruit-circuitpython-neopixel": {
            "hashes": [
                "sha256:1a3752d31a69d57496be44cb35818442b328ec18488e3b7d8411c94802d86195"
            ],
            "index": "pypi",
            "version": "==6.0.0"
        },
        "adafruit-circuitpython-pypixelbuf": {
            "hashes": [
                "sha256:d9d91678701f4c1761cc57b8497131f9608f6a7f8b88152a33e94747bd1a2445"
            ],
            "version": "==2.0.0"
        },
        "adafruit-platformdetect": {
            "hashes": [
                "sha256:97d5fe965c74cfd1c39f1c5c06bad34cb9d12c7fbafcf775e4376aad4c76e288"
            ],
            "version": "==2.13.3"
        },
        "adafruit-pureio": {
            "hashes": [
                "sha256:ebab172823f7249e02a644844a64e6dc2e4b3ded38ba42099068fd3e96623cfb"
            ],
            "version": "==1.1.5"
        },
        "pyftdi": {
            "hashes": [
                "sha256:02926258d5dfd28452a3d4d7c2f6d5bab722133b2885bde8b9e28bd2ccc095ca",
                "sha256:6cacb8fe28491ee6d00b8d45e18f73ea539b31bcd785f5d8c80a60322297c007"
            ],
            "version": "==0.51.2"
        },
        "pyserial": {
            "hashes": [
                "sha256:6e2d401fdee0eab996cf734e67773a0143b932772ca8b42451440cfed942c627",
                "sha256:e0770fadba80c31013896c7e6ef703f72e7834965954a78e71a3049488d4d7d8"
            ],
            "version": "==3.4"
        },
        "pyusb": {
            "hashes": [
                "sha256:4e9b72cc4a4205ca64fbf1f3fff39a335512166c151ad103e55c8223ac147362"
            ],
            "version": "==1.0.2"
        },
        "rpi-ws281x": {
            "hashes": [
                "sha256:461153b0ae29f28ebf7fbca781a92759a5f622d5478d3e61b0475fb0a7da6fb3",
                "sha256:6cfb8c0c429dee312b2173ea3968c3da2a3625ce57bbf580ee9f49c3edaf4504",
                "sha256:7175e708d6085bc02a9d0b8227797d697e34fd00787030ae5f119fe2f4f90889"
            ],
            "index": "pypi",
            "version": "==4.2.4"
        },
        "sysv-ipc": {
            "hashes": [
                "sha256:2b2b8491764845d06a9d5731ebe67f12fbe0c35967ac7f2bbe55ff24cb302405",
                "sha256:8eff10dd17789ddf21b422ce46ae0f6420088902a88e4296cb805cf2fde8b4dc",
                "sha256:a67fc5b7a3dd5fc9c50776de0c65a44eb776d29bb88364dedb1fb1149e53a1f1"
            ],
            "version": "==1.0.1"
        }
    }
}
